// !$*UTF8*$!
{
	archiveVersion = 1;
	classes = {
	};
	objectVersion = 50;
	objects = {

/* Begin PBXBuildFile section */
		709E18E3F890A1E90BB6B5B1 /* Pods_ChungChul_iOS.framework in Frameworks */ = {isa = PBXBuildFile; fileRef = 8E11251E557BA8035A3186A2 /* Pods_ChungChul_iOS.framework */; };
		79845B9F0C21FF5D26EA8C56 /* Pods_ChungChul_iOSTests.framework in Frameworks */ = {isa = PBXBuildFile; fileRef = 39F17AA51548F522AF78F77D /* Pods_ChungChul_iOSTests.framework */; };
		BC133170218ECBF700D346B4 /* UIViewExtension.swift in Sources */ = {isa = PBXBuildFile; fileRef = BC13316F218ECBF700D346B4 /* UIViewExtension.swift */; };
		BC474D37218AD21600CE1043 /* EvaluationVC.swift in Sources */ = {isa = PBXBuildFile; fileRef = BC474D36218AD21600CE1043 /* EvaluationVC.swift */; };
		BC474D39218AF70400CE1043 /* RatingXIB.xib in Resources */ = {isa = PBXBuildFile; fileRef = BC474D38218AF70400CE1043 /* RatingXIB.xib */; };
		BC474D3B218AF85300CE1043 /* RatingView.swift in Sources */ = {isa = PBXBuildFile; fileRef = BC474D3A218AF85300CE1043 /* RatingView.swift */; };
		BC474D3E218AFA6200CE1043 /* TotalEvaluationTVCell.swift in Sources */ = {isa = PBXBuildFile; fileRef = BC474D3D218AFA6200CE1043 /* TotalEvaluationTVCell.swift */; };
		BC474D40218B722D00CE1043 /* EvaluationListTVCell.swift in Sources */ = {isa = PBXBuildFile; fileRef = BC474D3F218B722D00CE1043 /* EvaluationListTVCell.swift */; };
		BC474D42218B725500CE1043 /* DescriptionTVCell.swift in Sources */ = {isa = PBXBuildFile; fileRef = BC474D41218B725500CE1043 /* DescriptionTVCell.swift */; };
		BC474D46218CAB0F00CE1043 /* MyLectureData.swift in Sources */ = {isa = PBXBuildFile; fileRef = BC474D45218CAB0F00CE1043 /* MyLectureData.swift */; };
		BC474D48218CAB2C00CE1043 /* MyLectureVO.swift in Sources */ = {isa = PBXBuildFile; fileRef = BC474D47218CAB2C00CE1043 /* MyLectureVO.swift */; };
		BC4D4D7321996A3900573450 /* KlaytnExtention.swift in Sources */ = {isa = PBXBuildFile; fileRef = BC4D4D7221996A3900573450 /* KlaytnExtention.swift */; };
		BC4D4D762199F6DB00573450 /* success.json in Resources */ = {isa = PBXBuildFile; fileRef = BC4D4D742199F6DA00573450 /* success.json */; };
		BC4D4D772199F6DB00573450 /* indicator.json in Resources */ = {isa = PBXBuildFile; fileRef = BC4D4D752199F6DB00573450 /* indicator.json */; };
		BC64BADF219AA1E3009E73EB /* loading.json in Resources */ = {isa = PBXBuildFile; fileRef = BC64BADE219AA1E2009E73EB /* loading.json */; };
		BC6A21952182081D007B751B /* InformationTVCell.swift in Sources */ = {isa = PBXBuildFile; fileRef = BC6A21942182081D007B751B /* InformationTVCell.swift */; };
		BC6A21972182082C007B751B /* IntroduceTVCell.swift in Sources */ = {isa = PBXBuildFile; fileRef = BC6A21962182082C007B751B /* IntroduceTVCell.swift */; };
		BC6A219921820838007B751B /* PlanTVCell.swift in Sources */ = {isa = PBXBuildFile; fileRef = BC6A219821820838007B751B /* PlanTVCell.swift */; };
		BC6A219B2182084A007B751B /* TeacherTVCell.swift in Sources */ = {isa = PBXBuildFile; fileRef = BC6A219A2182084A007B751B /* TeacherTVCell.swift */; };
		BC6A219D21820856007B751B /* CommentTVCell.swift in Sources */ = {isa = PBXBuildFile; fileRef = BC6A219C21820856007B751B /* CommentTVCell.swift */; };
		BC6A21A02182C4DB007B751B /* MoreVC.swift in Sources */ = {isa = PBXBuildFile; fileRef = BC6A219F2182C4DB007B751B /* MoreVC.swift */; };
		BC6A21A221830549007B751B /* TabBarVC.swift in Sources */ = {isa = PBXBuildFile; fileRef = BC6A21A121830549007B751B /* TabBarVC.swift */; };
		BC6B4F982195B082007D9D74 /* EvaluateData.swift in Sources */ = {isa = PBXBuildFile; fileRef = BC6B4F972195B082007D9D74 /* EvaluateData.swift */; };
		BC6F28E521833A0200B64524 /* StudentVC.swift in Sources */ = {isa = PBXBuildFile; fileRef = BC6F28E421833A0200B64524 /* StudentVC.swift */; };
		BC6F28EA218341A500B64524 /* NetworkModel.swift in Sources */ = {isa = PBXBuildFile; fileRef = BC6F28E9218341A500B64524 /* NetworkModel.swift */; };
		BC6F28EC218341BB00B64524 /* NetworkCallback.swift in Sources */ = {isa = PBXBuildFile; fileRef = BC6F28EB218341BB00B64524 /* NetworkCallback.swift */; };
		BC6F28EE21834AE500B64524 /* SignUpStudentData.swift in Sources */ = {isa = PBXBuildFile; fileRef = BC6F28ED21834AE500B64524 /* SignUpStudentData.swift */; };
		BC6F28F1218353EE00B64524 /* JoinModel.swift in Sources */ = {isa = PBXBuildFile; fileRef = BC6F28F0218353EE00B64524 /* JoinModel.swift */; };
		BC6F28F321835AA500B64524 /* DuplicateEmailData.swift in Sources */ = {isa = PBXBuildFile; fileRef = BC6F28F221835AA500B64524 /* DuplicateEmailData.swift */; };
		BC6F28F52183845900B64524 /* SignInVC.swift in Sources */ = {isa = PBXBuildFile; fileRef = BC6F28F42183845900B64524 /* SignInVC.swift */; };
		BC6F28F72183F7C100B64524 /* LoginModel.swift in Sources */ = {isa = PBXBuildFile; fileRef = BC6F28F62183F7C100B64524 /* LoginModel.swift */; };
		BC6F28F92183F88800B64524 /* LoginDataModel.swift in Sources */ = {isa = PBXBuildFile; fileRef = BC6F28F82183F88800B64524 /* LoginDataModel.swift */; };
		BC6F28FB2183F8D900B64524 /* LoginDataVO.swift in Sources */ = {isa = PBXBuildFile; fileRef = BC6F28FA2183F8D900B64524 /* LoginDataVO.swift */; };
		BC6F28FD218410EC00B64524 /* LectureModel.swift in Sources */ = {isa = PBXBuildFile; fileRef = BC6F28FC218410EC00B64524 /* LectureModel.swift */; };
		BC6F290121844C7200B64524 /* HomeDataModel.swift in Sources */ = {isa = PBXBuildFile; fileRef = BC6F290021844C7200B64524 /* HomeDataModel.swift */; };
		BC6F290321844CA000B64524 /* PopularDataVO.swift in Sources */ = {isa = PBXBuildFile; fileRef = BC6F290221844CA000B64524 /* PopularDataVO.swift */; };
		BC6F290521844CB900B64524 /* OfflineDataVO.swift in Sources */ = {isa = PBXBuildFile; fileRef = BC6F290421844CB900B64524 /* OfflineDataVO.swift */; };
		BC6F290721844CC900B64524 /* OnlineDataVO.swift in Sources */ = {isa = PBXBuildFile; fileRef = BC6F290621844CC900B64524 /* OnlineDataVO.swift */; };
		BC87E00221751C4700B7322E /* AppDelegate.swift in Sources */ = {isa = PBXBuildFile; fileRef = BC87E00121751C4700B7322E /* AppDelegate.swift */; };
		BC87E00421751C4700B7322E /* MainVC.swift in Sources */ = {isa = PBXBuildFile; fileRef = BC87E00321751C4700B7322E /* MainVC.swift */; };
		BC87E00721751C4700B7322E /* Main.storyboard in Resources */ = {isa = PBXBuildFile; fileRef = BC87E00521751C4700B7322E /* Main.storyboard */; };
		BC87E00A21751C4700B7322E /* ChungChul_iOS.xcdatamodeld in Sources */ = {isa = PBXBuildFile; fileRef = BC87E00821751C4700B7322E /* ChungChul_iOS.xcdatamodeld */; };
		BC87E00C21751C4900B7322E /* Assets.xcassets in Resources */ = {isa = PBXBuildFile; fileRef = BC87E00B21751C4900B7322E /* Assets.xcassets */; };
		BC87E00F21751C4900B7322E /* LaunchScreen.storyboard in Resources */ = {isa = PBXBuildFile; fileRef = BC87E00D21751C4900B7322E /* LaunchScreen.storyboard */; };
		BC87E01A21751C4900B7322E /* ChungChul_iOSTests.swift in Sources */ = {isa = PBXBuildFile; fileRef = BC87E01921751C4900B7322E /* ChungChul_iOSTests.swift */; };
		BCB9D82B217E47D700D86908 /* NotoSansCJKkr-Regular.otf in Resources */ = {isa = PBXBuildFile; fileRef = BCB9D824217E47D200D86908 /* NotoSansCJKkr-Regular.otf */; };
		BCB9D82C217E47D700D86908 /* NotoSansCJKkr-Medium.otf in Resources */ = {isa = PBXBuildFile; fileRef = BCB9D825217E47D300D86908 /* NotoSansCJKkr-Medium.otf */; };
		BCB9D82D217E47D700D86908 /* NotoSansCJKkr-Thin.otf in Resources */ = {isa = PBXBuildFile; fileRef = BCB9D826217E47D400D86908 /* NotoSansCJKkr-Thin.otf */; };
		BCB9D82E217E47D700D86908 /* NotoSansCJKkr-DemiLight.otf in Resources */ = {isa = PBXBuildFile; fileRef = BCB9D827217E47D500D86908 /* NotoSansCJKkr-DemiLight.otf */; };
		BCB9D82F217E47D700D86908 /* NotoSansCJKkr-Light.otf in Resources */ = {isa = PBXBuildFile; fileRef = BCB9D828217E47D500D86908 /* NotoSansCJKkr-Light.otf */; };
		BCB9D830217E47D700D86908 /* NotoSansCJKkr-Bold.otf in Resources */ = {isa = PBXBuildFile; fileRef = BCB9D829217E47D600D86908 /* NotoSansCJKkr-Bold.otf */; };
		BCB9D831217E47D700D86908 /* NotoSansCJKkr-Black.otf in Resources */ = {isa = PBXBuildFile; fileRef = BCB9D82A217E47D700D86908 /* NotoSansCJKkr-Black.otf */; };
		BCB9D834217F05AD00D86908 /* PopularLectureTVCell.swift in Sources */ = {isa = PBXBuildFile; fileRef = BCB9D833217F05AD00D86908 /* PopularLectureTVCell.swift */; };
		BCB9D836217F05CB00D86908 /* PopularLectureCVCell.swift in Sources */ = {isa = PBXBuildFile; fileRef = BCB9D835217F05CB00D86908 /* PopularLectureCVCell.swift */; };
		BCB9D838217F310900D86908 /* UIKitExtension.swift in Sources */ = {isa = PBXBuildFile; fileRef = BCB9D837217F310900D86908 /* UIKitExtension.swift */; };
		BCB9D83D217F528500D86908 /* LectureListCell.swift in Sources */ = {isa = PBXBuildFile; fileRef = BCB9D83B217F528500D86908 /* LectureListCell.swift */; };
		BCB9D83E217F528500D86908 /* LectureListCell.xib in Resources */ = {isa = PBXBuildFile; fileRef = BCB9D83C217F528500D86908 /* LectureListCell.xib */; };
		BCB9D840217F64A700D86908 /* TypeListVC.swift in Sources */ = {isa = PBXBuildFile; fileRef = BCB9D83F217F64A700D86908 /* TypeListVC.swift */; };
		BCB9D843217F913300D86908 /* MyLectureVC.swift in Sources */ = {isa = PBXBuildFile; fileRef = BCB9D842217F913300D86908 /* MyLectureVC.swift */; };
		BCB9D846217F91FB00D86908 /* MyLectureTVCell.swift in Sources */ = {isa = PBXBuildFile; fileRef = BCB9D844217F91FB00D86908 /* MyLectureTVCell.swift */; };
		BCB9D847217F91FB00D86908 /* MyLectureTVCell.xib in Resources */ = {isa = PBXBuildFile; fileRef = BCB9D845217F91FB00D86908 /* MyLectureTVCell.xib */; };
		BCB9D849217FA14400D86908 /* OnOffLineTVCell.swift in Sources */ = {isa = PBXBuildFile; fileRef = BCB9D848217FA14400D86908 /* OnOffLineTVCell.swift */; };
		BCB9D84C21815C2E00D86908 /* LectureListCVCell.swift in Sources */ = {isa = PBXBuildFile; fileRef = BCB9D84A21815C2E00D86908 /* LectureListCVCell.swift */; };
		BCB9D84D21815C2E00D86908 /* LectureListCVCell.xib in Resources */ = {isa = PBXBuildFile; fileRef = BCB9D84B21815C2E00D86908 /* LectureListCVCell.xib */; };
		BCB9D8502181B69800D86908 /* DetailVC.swift in Sources */ = {isa = PBXBuildFile; fileRef = BCB9D84F2181B69800D86908 /* DetailVC.swift */; };
		BCB9D8522181D81000D86908 /* HeaderView.xib in Resources */ = {isa = PBXBuildFile; fileRef = BCB9D8512181D81000D86908 /* HeaderView.xib */; };
		BCB9D8542181D9DA00D86908 /* HeaderView.swift in Sources */ = {isa = PBXBuildFile; fileRef = BCB9D8532181D9DA00D86908 /* HeaderView.swift */; };
		BCC456BE218F141300C3250B /* CaverSingleton.swift in Sources */ = {isa = PBXBuildFile; fileRef = BCC456BD218F141300C3250B /* CaverSingleton.swift */; };
		BCC456C421918B9600C3250B /* LectureDetailData.swift in Sources */ = {isa = PBXBuildFile; fileRef = BCC456C321918B9600C3250B /* LectureDetailData.swift */; };
		BCC456C621918BD400C3250B /* LectureDetailDataVO.swift in Sources */ = {isa = PBXBuildFile; fileRef = BCC456C521918BD400C3250B /* LectureDetailDataVO.swift */; };
		BCC456C821919A7400C3250B /* LectureReviewDataVO.swift in Sources */ = {isa = PBXBuildFile; fileRef = BCC456C721919A7400C3250B /* LectureReviewDataVO.swift */; };
		BCC456CA219334A700C3250B /* LoginAlertView.xib in Resources */ = {isa = PBXBuildFile; fileRef = BCC456C9219334A700C3250B /* LoginAlertView.xib */; };
		BCC456CD219336FA00C3250B /* LoginAlertView.swift in Sources */ = {isa = PBXBuildFile; fileRef = BCC456CC219336FA00C3250B /* LoginAlertView.swift */; };
		BCC456CF21935C0A00C3250B /* InitialNC.swift in Sources */ = {isa = PBXBuildFile; fileRef = BCC456CE21935C0A00C3250B /* InitialNC.swift */; };
		BCC456D2219429E500C3250B /* MyLectureModel.swift in Sources */ = {isa = PBXBuildFile; fileRef = BCC456D1219429E500C3250B /* MyLectureModel.swift */; };
		BCCF8E43219AF32B00B59A90 /* infinite_rainbow.json in Resources */ = {isa = PBXBuildFile; fileRef = BCCF8E42219AF32A00B59A90 /* infinite_rainbow.json */; };
		BCCF8E46219AF96500B59A90 /* UIViewControllerExtension.swift in Sources */ = {isa = PBXBuildFile; fileRef = BCCF8E45219AF96500B59A90 /* UIViewControllerExtension.swift */; };
		BCCF8E4A219D743800B59A90 /* PaymentDetailTVCell.swift in Sources */ = {isa = PBXBuildFile; fileRef = BCCF8E49219D743800B59A90 /* PaymentDetailTVCell.swift */; };
		BCD7D7AA21764878003238BB /* Login.storyboard in Resources */ = {isa = PBXBuildFile; fileRef = BCD7D7A921764878003238BB /* Login.storyboard */; };
		BCD7D7AD21764A2C003238BB /* LoginVC.swift in Sources */ = {isa = PBXBuildFile; fileRef = BCD7D7AC21764A2C003238BB /* LoginVC.swift */; };
		BCD7D7B021764DAA003238BB /* SignUpVC.swift in Sources */ = {isa = PBXBuildFile; fileRef = BCD7D7AF21764DAA003238BB /* SignUpVC.swift */; };
		BCF1EA35219D89E500AE266F /* MyLecture.storyboard in Resources */ = {isa = PBXBuildFile; fileRef = BCF1EA34219D89E500AE266F /* MyLecture.storyboard */; };
		BCF1EA37219D89F100AE266F /* More.storyboard in Resources */ = {isa = PBXBuildFile; fileRef = BCF1EA36219D89F100AE266F /* More.storyboard */; };
		BCF1EA39219D8A7700AE266F /* MyLectureInitialNC.swift in Sources */ = {isa = PBXBuildFile; fileRef = BCF1EA38219D8A7700AE266F /* MyLectureInitialNC.swift */; };
		BCF1EA3B219D8ACD00AE266F /* MoreInitialNC.swift in Sources */ = {isa = PBXBuildFile; fileRef = BCF1EA3A219D8ACD00AE266F /* MoreInitialNC.swift */; };
/* End PBXBuildFile section */

/* Begin PBXContainerItemProxy section */
		BC87E01621751C4900B7322E /* PBXContainerItemProxy */ = {
			isa = PBXContainerItemProxy;
			containerPortal = BC87DFF621751C4600B7322E /* Project object */;
			proxyType = 1;
			remoteGlobalIDString = BC87DFFD21751C4700B7322E;
			remoteInfo = ChungChul_iOS;
		};
/* End PBXContainerItemProxy section */

/* Begin PBXFileReference section */
		0C56B532A5B458EDC5DE785D /* Pods-ChungChul_iOSTests.debug.xcconfig */ = {isa = PBXFileReference; includeInIndex = 1; lastKnownFileType = text.xcconfig; name = "Pods-ChungChul_iOSTests.debug.xcconfig"; path = "Pods/Target Support Files/Pods-ChungChul_iOSTests/Pods-ChungChul_iOSTests.debug.xcconfig"; sourceTree = "<group>"; };
		24BB8CE8160F7AC5824DD252 /* Pods-ChungChul_iOS.debug.xcconfig */ = {isa = PBXFileReference; includeInIndex = 1; lastKnownFileType = text.xcconfig; name = "Pods-ChungChul_iOS.debug.xcconfig"; path = "Pods/Target Support Files/Pods-ChungChul_iOS/Pods-ChungChul_iOS.debug.xcconfig"; sourceTree = "<group>"; };
		39F17AA51548F522AF78F77D /* Pods_ChungChul_iOSTests.framework */ = {isa = PBXFileReference; explicitFileType = wrapper.framework; includeInIndex = 0; path = Pods_ChungChul_iOSTests.framework; sourceTree = BUILT_PRODUCTS_DIR; };
		583F9579DFABFDEBCF01B3E5 /* Pods-ChungChul_iOS.release.xcconfig */ = {isa = PBXFileReference; includeInIndex = 1; lastKnownFileType = text.xcconfig; name = "Pods-ChungChul_iOS.release.xcconfig"; path = "Pods/Target Support Files/Pods-ChungChul_iOS/Pods-ChungChul_iOS.release.xcconfig"; sourceTree = "<group>"; };
		8E11251E557BA8035A3186A2 /* Pods_ChungChul_iOS.framework */ = {isa = PBXFileReference; explicitFileType = wrapper.framework; includeInIndex = 0; path = Pods_ChungChul_iOS.framework; sourceTree = BUILT_PRODUCTS_DIR; };
		AEFA295204D5F357C42AEEB1 /* Pods-ChungChul_iOSTests.release.xcconfig */ = {isa = PBXFileReference; includeInIndex = 1; lastKnownFileType = text.xcconfig; name = "Pods-ChungChul_iOSTests.release.xcconfig"; path = "Pods/Target Support Files/Pods-ChungChul_iOSTests/Pods-ChungChul_iOSTests.release.xcconfig"; sourceTree = "<group>"; };
		BC13316F218ECBF700D346B4 /* UIViewExtension.swift */ = {isa = PBXFileReference; lastKnownFileType = sourcecode.swift; path = UIViewExtension.swift; sourceTree = "<group>"; };
		BC474D36218AD21600CE1043 /* EvaluationVC.swift */ = {isa = PBXFileReference; lastKnownFileType = sourcecode.swift; path = EvaluationVC.swift; sourceTree = "<group>"; };
		BC474D38218AF70400CE1043 /* RatingXIB.xib */ = {isa = PBXFileReference; lastKnownFileType = file.xib; path = RatingXIB.xib; sourceTree = "<group>"; };
		BC474D3A218AF85300CE1043 /* RatingView.swift */ = {isa = PBXFileReference; lastKnownFileType = sourcecode.swift; path = RatingView.swift; sourceTree = "<group>"; };
		BC474D3D218AFA6200CE1043 /* TotalEvaluationTVCell.swift */ = {isa = PBXFileReference; lastKnownFileType = sourcecode.swift; path = TotalEvaluationTVCell.swift; sourceTree = "<group>"; };
		BC474D3F218B722D00CE1043 /* EvaluationListTVCell.swift */ = {isa = PBXFileReference; lastKnownFileType = sourcecode.swift; path = EvaluationListTVCell.swift; sourceTree = "<group>"; };
		BC474D41218B725500CE1043 /* DescriptionTVCell.swift */ = {isa = PBXFileReference; lastKnownFileType = sourcecode.swift; path = DescriptionTVCell.swift; sourceTree = "<group>"; };
		BC474D45218CAB0F00CE1043 /* MyLectureData.swift */ = {isa = PBXFileReference; lastKnownFileType = sourcecode.swift; path = MyLectureData.swift; sourceTree = "<group>"; };
		BC474D47218CAB2C00CE1043 /* MyLectureVO.swift */ = {isa = PBXFileReference; lastKnownFileType = sourcecode.swift; path = MyLectureVO.swift; sourceTree = "<group>"; };
		BC4D4D7221996A3900573450 /* KlaytnExtention.swift */ = {isa = PBXFileReference; lastKnownFileType = sourcecode.swift; path = KlaytnExtention.swift; sourceTree = "<group>"; };
		BC4D4D742199F6DA00573450 /* success.json */ = {isa = PBXFileReference; fileEncoding = 4; lastKnownFileType = text.json; path = success.json; sourceTree = "<group>"; };
		BC4D4D752199F6DB00573450 /* indicator.json */ = {isa = PBXFileReference; fileEncoding = 4; lastKnownFileType = text.json; path = indicator.json; sourceTree = "<group>"; };
		BC64BADE219AA1E2009E73EB /* loading.json */ = {isa = PBXFileReference; fileEncoding = 4; lastKnownFileType = text.json; path = loading.json; sourceTree = "<group>"; };
		BC6A21942182081D007B751B /* InformationTVCell.swift */ = {isa = PBXFileReference; lastKnownFileType = sourcecode.swift; path = InformationTVCell.swift; sourceTree = "<group>"; };
		BC6A21962182082C007B751B /* IntroduceTVCell.swift */ = {isa = PBXFileReference; lastKnownFileType = sourcecode.swift; path = IntroduceTVCell.swift; sourceTree = "<group>"; };
		BC6A219821820838007B751B /* PlanTVCell.swift */ = {isa = PBXFileReference; lastKnownFileType = sourcecode.swift; path = PlanTVCell.swift; sourceTree = "<group>"; };
		BC6A219A2182084A007B751B /* TeacherTVCell.swift */ = {isa = PBXFileReference; lastKnownFileType = sourcecode.swift; path = TeacherTVCell.swift; sourceTree = "<group>"; };
		BC6A219C21820856007B751B /* CommentTVCell.swift */ = {isa = PBXFileReference; lastKnownFileType = sourcecode.swift; path = CommentTVCell.swift; sourceTree = "<group>"; };
		BC6A219F2182C4DB007B751B /* MoreVC.swift */ = {isa = PBXFileReference; lastKnownFileType = sourcecode.swift; name = MoreVC.swift; path = ChungChul_iOS/Controller/More/MoreVC.swift; sourceTree = SOURCE_ROOT; };
		BC6A21A121830549007B751B /* TabBarVC.swift */ = {isa = PBXFileReference; lastKnownFileType = sourcecode.swift; path = TabBarVC.swift; sourceTree = "<group>"; };
		BC6B4F972195B082007D9D74 /* EvaluateData.swift */ = {isa = PBXFileReference; lastKnownFileType = sourcecode.swift; path = EvaluateData.swift; sourceTree = "<group>"; };
		BC6F28E421833A0200B64524 /* StudentVC.swift */ = {isa = PBXFileReference; lastKnownFileType = sourcecode.swift; path = StudentVC.swift; sourceTree = "<group>"; };
		BC6F28E9218341A500B64524 /* NetworkModel.swift */ = {isa = PBXFileReference; lastKnownFileType = sourcecode.swift; path = NetworkModel.swift; sourceTree = "<group>"; };
		BC6F28EB218341BB00B64524 /* NetworkCallback.swift */ = {isa = PBXFileReference; lastKnownFileType = sourcecode.swift; path = NetworkCallback.swift; sourceTree = "<group>"; };
		BC6F28ED21834AE500B64524 /* SignUpStudentData.swift */ = {isa = PBXFileReference; lastKnownFileType = sourcecode.swift; path = SignUpStudentData.swift; sourceTree = "<group>"; };
		BC6F28F0218353EE00B64524 /* JoinModel.swift */ = {isa = PBXFileReference; lastKnownFileType = sourcecode.swift; path = JoinModel.swift; sourceTree = "<group>"; };
		BC6F28F221835AA500B64524 /* DuplicateEmailData.swift */ = {isa = PBXFileReference; lastKnownFileType = sourcecode.swift; path = DuplicateEmailData.swift; sourceTree = "<group>"; };
		BC6F28F42183845900B64524 /* SignInVC.swift */ = {isa = PBXFileReference; lastKnownFileType = sourcecode.swift; path = SignInVC.swift; sourceTree = "<group>"; };
		BC6F28F62183F7C100B64524 /* LoginModel.swift */ = {isa = PBXFileReference; lastKnownFileType = sourcecode.swift; path = LoginModel.swift; sourceTree = "<group>"; };
		BC6F28F82183F88800B64524 /* LoginDataModel.swift */ = {isa = PBXFileReference; lastKnownFileType = sourcecode.swift; path = LoginDataModel.swift; sourceTree = "<group>"; };
		BC6F28FA2183F8D900B64524 /* LoginDataVO.swift */ = {isa = PBXFileReference; lastKnownFileType = sourcecode.swift; path = LoginDataVO.swift; sourceTree = "<group>"; };
		BC6F28FC218410EC00B64524 /* LectureModel.swift */ = {isa = PBXFileReference; lastKnownFileType = sourcecode.swift; path = LectureModel.swift; sourceTree = "<group>"; };
		BC6F290021844C7200B64524 /* HomeDataModel.swift */ = {isa = PBXFileReference; lastKnownFileType = sourcecode.swift; path = HomeDataModel.swift; sourceTree = "<group>"; };
		BC6F290221844CA000B64524 /* PopularDataVO.swift */ = {isa = PBXFileReference; lastKnownFileType = sourcecode.swift; path = PopularDataVO.swift; sourceTree = "<group>"; };
		BC6F290421844CB900B64524 /* OfflineDataVO.swift */ = {isa = PBXFileReference; lastKnownFileType = sourcecode.swift; path = OfflineDataVO.swift; sourceTree = "<group>"; };
		BC6F290621844CC900B64524 /* OnlineDataVO.swift */ = {isa = PBXFileReference; lastKnownFileType = sourcecode.swift; path = OnlineDataVO.swift; sourceTree = "<group>"; };
		BC87DFFE21751C4700B7322E /* ChungChul_iOS.app */ = {isa = PBXFileReference; explicitFileType = wrapper.application; includeInIndex = 0; path = ChungChul_iOS.app; sourceTree = BUILT_PRODUCTS_DIR; };
		BC87E00121751C4700B7322E /* AppDelegate.swift */ = {isa = PBXFileReference; lastKnownFileType = sourcecode.swift; path = AppDelegate.swift; sourceTree = "<group>"; };
		BC87E00321751C4700B7322E /* MainVC.swift */ = {isa = PBXFileReference; lastKnownFileType = sourcecode.swift; path = MainVC.swift; sourceTree = "<group>"; };
		BC87E00621751C4700B7322E /* Base */ = {isa = PBXFileReference; lastKnownFileType = file.storyboard; name = Base; path = Base.lproj/Main.storyboard; sourceTree = "<group>"; };
		BC87E00921751C4700B7322E /* ChungChul_iOS.xcdatamodel */ = {isa = PBXFileReference; lastKnownFileType = wrapper.xcdatamodel; path = ChungChul_iOS.xcdatamodel; sourceTree = "<group>"; };
		BC87E00B21751C4900B7322E /* Assets.xcassets */ = {isa = PBXFileReference; lastKnownFileType = folder.assetcatalog; path = Assets.xcassets; sourceTree = "<group>"; };
		BC87E00E21751C4900B7322E /* Base */ = {isa = PBXFileReference; lastKnownFileType = file.storyboard; name = Base; path = Base.lproj/LaunchScreen.storyboard; sourceTree = "<group>"; };
		BC87E01021751C4900B7322E /* Info.plist */ = {isa = PBXFileReference; lastKnownFileType = text.plist.xml; path = Info.plist; sourceTree = "<group>"; };
		BC87E01521751C4900B7322E /* ChungChul_iOSTests.xctest */ = {isa = PBXFileReference; explicitFileType = wrapper.cfbundle; includeInIndex = 0; path = ChungChul_iOSTests.xctest; sourceTree = BUILT_PRODUCTS_DIR; };
		BC87E01921751C4900B7322E /* ChungChul_iOSTests.swift */ = {isa = PBXFileReference; lastKnownFileType = sourcecode.swift; path = ChungChul_iOSTests.swift; sourceTree = "<group>"; };
		BC87E01B21751C4900B7322E /* Info.plist */ = {isa = PBXFileReference; lastKnownFileType = text.plist.xml; path = Info.plist; sourceTree = "<group>"; };
		BCB9D824217E47D200D86908 /* NotoSansCJKkr-Regular.otf */ = {isa = PBXFileReference; lastKnownFileType = file; path = "NotoSansCJKkr-Regular.otf"; sourceTree = "<group>"; };
		BCB9D825217E47D300D86908 /* NotoSansCJKkr-Medium.otf */ = {isa = PBXFileReference; lastKnownFileType = file; path = "NotoSansCJKkr-Medium.otf"; sourceTree = "<group>"; };
		BCB9D826217E47D400D86908 /* NotoSansCJKkr-Thin.otf */ = {isa = PBXFileReference; lastKnownFileType = file; path = "NotoSansCJKkr-Thin.otf"; sourceTree = "<group>"; };
		BCB9D827217E47D500D86908 /* NotoSansCJKkr-DemiLight.otf */ = {isa = PBXFileReference; lastKnownFileType = file; path = "NotoSansCJKkr-DemiLight.otf"; sourceTree = "<group>"; };
		BCB9D828217E47D500D86908 /* NotoSansCJKkr-Light.otf */ = {isa = PBXFileReference; lastKnownFileType = file; path = "NotoSansCJKkr-Light.otf"; sourceTree = "<group>"; };
		BCB9D829217E47D600D86908 /* NotoSansCJKkr-Bold.otf */ = {isa = PBXFileReference; lastKnownFileType = file; path = "NotoSansCJKkr-Bold.otf"; sourceTree = "<group>"; };
		BCB9D82A217E47D700D86908 /* NotoSansCJKkr-Black.otf */ = {isa = PBXFileReference; lastKnownFileType = file; path = "NotoSansCJKkr-Black.otf"; sourceTree = "<group>"; };
		BCB9D833217F05AD00D86908 /* PopularLectureTVCell.swift */ = {isa = PBXFileReference; lastKnownFileType = sourcecode.swift; path = PopularLectureTVCell.swift; sourceTree = "<group>"; };
		BCB9D835217F05CB00D86908 /* PopularLectureCVCell.swift */ = {isa = PBXFileReference; lastKnownFileType = sourcecode.swift; path = PopularLectureCVCell.swift; sourceTree = "<group>"; };
		BCB9D837217F310900D86908 /* UIKitExtension.swift */ = {isa = PBXFileReference; lastKnownFileType = sourcecode.swift; path = UIKitExtension.swift; sourceTree = "<group>"; };
		BCB9D83B217F528500D86908 /* LectureListCell.swift */ = {isa = PBXFileReference; lastKnownFileType = sourcecode.swift; path = LectureListCell.swift; sourceTree = "<group>"; };
		BCB9D83C217F528500D86908 /* LectureListCell.xib */ = {isa = PBXFileReference; lastKnownFileType = file.xib; path = LectureListCell.xib; sourceTree = "<group>"; };
		BCB9D83F217F64A700D86908 /* TypeListVC.swift */ = {isa = PBXFileReference; lastKnownFileType = sourcecode.swift; path = TypeListVC.swift; sourceTree = "<group>"; };
		BCB9D842217F913300D86908 /* MyLectureVC.swift */ = {isa = PBXFileReference; lastKnownFileType = sourcecode.swift; path = MyLectureVC.swift; sourceTree = "<group>"; };
		BCB9D844217F91FB00D86908 /* MyLectureTVCell.swift */ = {isa = PBXFileReference; lastKnownFileType = sourcecode.swift; path = MyLectureTVCell.swift; sourceTree = "<group>"; };
		BCB9D845217F91FB00D86908 /* MyLectureTVCell.xib */ = {isa = PBXFileReference; lastKnownFileType = file.xib; path = MyLectureTVCell.xib; sourceTree = "<group>"; };
		BCB9D848217FA14400D86908 /* OnOffLineTVCell.swift */ = {isa = PBXFileReference; lastKnownFileType = sourcecode.swift; path = OnOffLineTVCell.swift; sourceTree = "<group>"; };
		BCB9D84A21815C2E00D86908 /* LectureListCVCell.swift */ = {isa = PBXFileReference; lastKnownFileType = sourcecode.swift; path = LectureListCVCell.swift; sourceTree = "<group>"; };
		BCB9D84B21815C2E00D86908 /* LectureListCVCell.xib */ = {isa = PBXFileReference; lastKnownFileType = file.xib; path = LectureListCVCell.xib; sourceTree = "<group>"; };
		BCB9D84F2181B69800D86908 /* DetailVC.swift */ = {isa = PBXFileReference; lastKnownFileType = sourcecode.swift; path = DetailVC.swift; sourceTree = "<group>"; };
		BCB9D8512181D81000D86908 /* HeaderView.xib */ = {isa = PBXFileReference; lastKnownFileType = file.xib; path = HeaderView.xib; sourceTree = "<group>"; };
		BCB9D8532181D9DA00D86908 /* HeaderView.swift */ = {isa = PBXFileReference; lastKnownFileType = sourcecode.swift; path = HeaderView.swift; sourceTree = "<group>"; };
		BCC456BD218F141300C3250B /* CaverSingleton.swift */ = {isa = PBXFileReference; lastKnownFileType = sourcecode.swift; path = CaverSingleton.swift; sourceTree = "<group>"; };
		BCC456C321918B9600C3250B /* LectureDetailData.swift */ = {isa = PBXFileReference; lastKnownFileType = sourcecode.swift; path = LectureDetailData.swift; sourceTree = "<group>"; };
		BCC456C521918BD400C3250B /* LectureDetailDataVO.swift */ = {isa = PBXFileReference; lastKnownFileType = sourcecode.swift; path = LectureDetailDataVO.swift; sourceTree = "<group>"; };
		BCC456C721919A7400C3250B /* LectureReviewDataVO.swift */ = {isa = PBXFileReference; lastKnownFileType = sourcecode.swift; path = LectureReviewDataVO.swift; sourceTree = "<group>"; };
		BCC456C9219334A700C3250B /* LoginAlertView.xib */ = {isa = PBXFileReference; lastKnownFileType = file.xib; path = LoginAlertView.xib; sourceTree = "<group>"; };
		BCC456CC219336FA00C3250B /* LoginAlertView.swift */ = {isa = PBXFileReference; lastKnownFileType = sourcecode.swift; path = LoginAlertView.swift; sourceTree = "<group>"; };
		BCC456CE21935C0A00C3250B /* InitialNC.swift */ = {isa = PBXFileReference; lastKnownFileType = sourcecode.swift; path = InitialNC.swift; sourceTree = "<group>"; };
		BCC456D1219429E500C3250B /* MyLectureModel.swift */ = {isa = PBXFileReference; lastKnownFileType = sourcecode.swift; path = MyLectureModel.swift; sourceTree = "<group>"; };
		BCCF8E42219AF32A00B59A90 /* infinite_rainbow.json */ = {isa = PBXFileReference; fileEncoding = 4; lastKnownFileType = text.json; path = infinite_rainbow.json; sourceTree = "<group>"; };
		BCCF8E45219AF96500B59A90 /* UIViewControllerExtension.swift */ = {isa = PBXFileReference; lastKnownFileType = sourcecode.swift; path = UIViewControllerExtension.swift; sourceTree = "<group>"; };
		BCCF8E49219D743800B59A90 /* PaymentDetailTVCell.swift */ = {isa = PBXFileReference; lastKnownFileType = sourcecode.swift; path = PaymentDetailTVCell.swift; sourceTree = "<group>"; };
		BCD7D7A921764878003238BB /* Login.storyboard */ = {isa = PBXFileReference; lastKnownFileType = file.storyboard; path = Login.storyboard; sourceTree = "<group>"; };
		BCD7D7AC21764A2C003238BB /* LoginVC.swift */ = {isa = PBXFileReference; lastKnownFileType = sourcecode.swift; path = LoginVC.swift; sourceTree = "<group>"; };
		BCD7D7AF21764DAA003238BB /* SignUpVC.swift */ = {isa = PBXFileReference; lastKnownFileType = sourcecode.swift; path = SignUpVC.swift; sourceTree = "<group>"; };
		BCF1EA34219D89E500AE266F /* MyLecture.storyboard */ = {isa = PBXFileReference; lastKnownFileType = file.storyboard; path = MyLecture.storyboard; sourceTree = "<group>"; };
		BCF1EA36219D89F100AE266F /* More.storyboard */ = {isa = PBXFileReference; lastKnownFileType = file.storyboard; path = More.storyboard; sourceTree = "<group>"; };
		BCF1EA38219D8A7700AE266F /* MyLectureInitialNC.swift */ = {isa = PBXFileReference; lastKnownFileType = sourcecode.swift; path = MyLectureInitialNC.swift; sourceTree = "<group>"; };
		BCF1EA3A219D8ACD00AE266F /* MoreInitialNC.swift */ = {isa = PBXFileReference; lastKnownFileType = sourcecode.swift; path = MoreInitialNC.swift; sourceTree = "<group>"; };
/* End PBXFileReference section */

/* Begin PBXFrameworksBuildPhase section */
		BC87DFFB21751C4700B7322E /* Frameworks */ = {
			isa = PBXFrameworksBuildPhase;
			buildActionMask = 2147483647;
			files = (
				709E18E3F890A1E90BB6B5B1 /* Pods_ChungChul_iOS.framework in Frameworks */,
			);
			runOnlyForDeploymentPostprocessing = 0;
		};
		BC87E01221751C4900B7322E /* Frameworks */ = {
			isa = PBXFrameworksBuildPhase;
			buildActionMask = 2147483647;
			files = (
				79845B9F0C21FF5D26EA8C56 /* Pods_ChungChul_iOSTests.framework in Frameworks */,
			);
			runOnlyForDeploymentPostprocessing = 0;
		};
/* End PBXFrameworksBuildPhase section */

/* Begin PBXGroup section */
		3D3E2BB7BAEE3729963044F9 /* Frameworks */ = {
			isa = PBXGroup;
			children = (
				8E11251E557BA8035A3186A2 /* Pods_ChungChul_iOS.framework */,
				39F17AA51548F522AF78F77D /* Pods_ChungChul_iOSTests.framework */,
			);
			name = Frameworks;
			sourceTree = "<group>";
		};
		AD3919279FE6784E666DDB99 /* Pods */ = {
			isa = PBXGroup;
			children = (
				24BB8CE8160F7AC5824DD252 /* Pods-ChungChul_iOS.debug.xcconfig */,
				583F9579DFABFDEBCF01B3E5 /* Pods-ChungChul_iOS.release.xcconfig */,
				0C56B532A5B458EDC5DE785D /* Pods-ChungChul_iOSTests.debug.xcconfig */,
				AEFA295204D5F357C42AEEB1 /* Pods-ChungChul_iOSTests.release.xcconfig */,
			);
			name = Pods;
			sourceTree = "<group>";
		};
		BC474D3C218AFA3300CE1043 /* EvaluationTVCell */ = {
			isa = PBXGroup;
			children = (
				BC474D3D218AFA6200CE1043 /* TotalEvaluationTVCell.swift */,
				BC474D3F218B722D00CE1043 /* EvaluationListTVCell.swift */,
				BC474D41218B725500CE1043 /* DescriptionTVCell.swift */,
			);
			path = EvaluationTVCell;
			sourceTree = "<group>";
		};
		BC474D43218B727400CE1043 /* XIB */ = {
			isa = PBXGroup;
			children = (
				BC474D38218AF70400CE1043 /* RatingXIB.xib */,
				BCB9D83C217F528500D86908 /* LectureListCell.xib */,
				BCB9D84B21815C2E00D86908 /* LectureListCVCell.xib */,
				BCB9D845217F91FB00D86908 /* MyLectureTVCell.xib */,
				BCB9D8512181D81000D86908 /* HeaderView.xib */,
				BCC456C9219334A700C3250B /* LoginAlertView.xib */,
			);
			path = XIB;
			sourceTree = "<group>";
		};
		BC474D44218B728600CE1043 /* CustomView */ = {
			isa = PBXGroup;
			children = (
				BC474D3A218AF85300CE1043 /* RatingView.swift */,
				BCB9D8532181D9DA00D86908 /* HeaderView.swift */,
				BCC456CC219336FA00C3250B /* LoginAlertView.swift */,
			);
			path = CustomView;
			sourceTree = "<group>";
		};
		BC474D49218CAB4A00CE1043 /* Login */ = {
			isa = PBXGroup;
			children = (
				BC6F28ED21834AE500B64524 /* SignUpStudentData.swift */,
				BC6F28F221835AA500B64524 /* DuplicateEmailData.swift */,
				BC6F28F82183F88800B64524 /* LoginDataModel.swift */,
				BC6F28FA2183F8D900B64524 /* LoginDataVO.swift */,
			);
			path = Login;
			sourceTree = "<group>";
		};
		BC474D4A218CAB5600CE1043 /* Main */ = {
			isa = PBXGroup;
			children = (
				BC6F290021844C7200B64524 /* HomeDataModel.swift */,
				BC6F290221844CA000B64524 /* PopularDataVO.swift */,
				BC6F290421844CB900B64524 /* OfflineDataVO.swift */,
				BC6F290621844CC900B64524 /* OnlineDataVO.swift */,
			);
			path = Main;
			sourceTree = "<group>";
		};
		BC474D4B218CAB6E00CE1043 /* MyLecture */ = {
			isa = PBXGroup;
			children = (
				BC474D45218CAB0F00CE1043 /* MyLectureData.swift */,
				BC474D47218CAB2C00CE1043 /* MyLectureVO.swift */,
				BC6B4F972195B082007D9D74 /* EvaluateData.swift */,
			);
			path = MyLecture;
			sourceTree = "<group>";
		};
		BC4D4D782199F6E300573450 /* Lottie */ = {
			isa = PBXGroup;
			children = (
				BCCF8E42219AF32A00B59A90 /* infinite_rainbow.json */,
				BC64BADE219AA1E2009E73EB /* loading.json */,
				BC4D4D752199F6DB00573450 /* indicator.json */,
				BC4D4D742199F6DA00573450 /* success.json */,
			);
			path = Lottie;
			sourceTree = "<group>";
		};
		BC6A2193218207FE007B751B /* TableViewCell */ = {
			isa = PBXGroup;
			children = (
				BC6A21942182081D007B751B /* InformationTVCell.swift */,
				BC6A21962182082C007B751B /* IntroduceTVCell.swift */,
				BC6A219821820838007B751B /* PlanTVCell.swift */,
				BC6A219A2182084A007B751B /* TeacherTVCell.swift */,
				BC6A219C21820856007B751B /* CommentTVCell.swift */,
			);
			path = TableViewCell;
			sourceTree = "<group>";
		};
		BC6A219E2182C4B3007B751B /* More */ = {
			isa = PBXGroup;
			children = (
				BC6A219F2182C4DB007B751B /* MoreVC.swift */,
				BCCF8E49219D743800B59A90 /* PaymentDetailTVCell.swift */,
				BCF1EA3A219D8ACD00AE266F /* MoreInitialNC.swift */,
			);
			path = More;
			sourceTree = "<group>";
		};
		BC6F28E82183419000B64524 /* Network */ = {
			isa = PBXGroup;
			children = (
				BC6F28E9218341A500B64524 /* NetworkModel.swift */,
				BC6F28EB218341BB00B64524 /* NetworkCallback.swift */,
				BC6F28EF218353DA00B64524 /* Login */,
				BCC456BF2190AD4400C3250B /* Main */,
				BCC456D0219429CB00C3250B /* MyLecture */,
			);
			path = Network;
			sourceTree = "<group>";
		};
		BC6F28EF218353DA00B64524 /* Login */ = {
			isa = PBXGroup;
			children = (
				BC6F28F0218353EE00B64524 /* JoinModel.swift */,
				BC6F28F62183F7C100B64524 /* LoginModel.swift */,
			);
			path = Login;
			sourceTree = "<group>";
		};
		BC87DFF521751C4600B7322E = {
			isa = PBXGroup;
			children = (
				BC87E00021751C4700B7322E /* ChungChul_iOS */,
				BC87E01821751C4900B7322E /* ChungChul_iOSTests */,
				BC87DFFF21751C4700B7322E /* Products */,
				AD3919279FE6784E666DDB99 /* Pods */,
				3D3E2BB7BAEE3729963044F9 /* Frameworks */,
			);
			sourceTree = "<group>";
		};
		BC87DFFF21751C4700B7322E /* Products */ = {
			isa = PBXGroup;
			children = (
				BC87DFFE21751C4700B7322E /* ChungChul_iOS.app */,
				BC87E01521751C4900B7322E /* ChungChul_iOSTests.xctest */,
			);
			name = Products;
			sourceTree = "<group>";
		};
		BC87E00021751C4700B7322E /* ChungChul_iOS */ = {
			isa = PBXGroup;
			children = (
				BC87E00121751C4700B7322E /* AppDelegate.swift */,
				BC87E00B21751C4900B7322E /* Assets.xcassets */,
				BC87E01021751C4900B7322E /* Info.plist */,
				BC4D4D782199F6E300573450 /* Lottie */,
				BCB9D832217E47DB00D86908 /* Font */,
				BCCF8E44219AF92500B59A90 /* Extensions */,
				BC6F28E82183419000B64524 /* Network */,
				BCD7D7A62176481F003238BB /* Model */,
				BCD7D7A721764826003238BB /* View */,
				BCD7D7A82176482E003238BB /* Controller */,
				BC87E00821751C4700B7322E /* ChungChul_iOS.xcdatamodeld */,
			);
			path = ChungChul_iOS;
			sourceTree = "<group>";
		};
		BC87E01821751C4900B7322E /* ChungChul_iOSTests */ = {
			isa = PBXGroup;
			children = (
				BC87E01921751C4900B7322E /* ChungChul_iOSTests.swift */,
				BC87E01B21751C4900B7322E /* Info.plist */,
			);
			path = ChungChul_iOSTests;
			sourceTree = "<group>";
		};
		BCB9D832217E47DB00D86908 /* Font */ = {
			isa = PBXGroup;
			children = (
				BCB9D82A217E47D700D86908 /* NotoSansCJKkr-Black.otf */,
				BCB9D829217E47D600D86908 /* NotoSansCJKkr-Bold.otf */,
				BCB9D827217E47D500D86908 /* NotoSansCJKkr-DemiLight.otf */,
				BCB9D828217E47D500D86908 /* NotoSansCJKkr-Light.otf */,
				BCB9D825217E47D300D86908 /* NotoSansCJKkr-Medium.otf */,
				BCB9D824217E47D200D86908 /* NotoSansCJKkr-Regular.otf */,
				BCB9D826217E47D400D86908 /* NotoSansCJKkr-Thin.otf */,
			);
			path = Font;
			sourceTree = "<group>";
		};
		BCB9D841217F911700D86908 /* MyLecture */ = {
			isa = PBXGroup;
			children = (
				BCF1EA38219D8A7700AE266F /* MyLectureInitialNC.swift */,
				BCB9D842217F913300D86908 /* MyLectureVC.swift */,
				BCB9D848217FA14400D86908 /* OnOffLineTVCell.swift */,
				BCB9D844217F91FB00D86908 /* MyLectureTVCell.swift */,
				BC474D36218AD21600CE1043 /* EvaluationVC.swift */,
				BC474D3C218AFA3300CE1043 /* EvaluationTVCell */,
			);
			path = MyLecture;
			sourceTree = "<group>";
		};
		BCB9D84E2181B67B00D86908 /* Detail */ = {
			isa = PBXGroup;
			children = (
				BCB9D84F2181B69800D86908 /* DetailVC.swift */,
				BC6A2193218207FE007B751B /* TableViewCell */,
			);
			path = Detail;
			sourceTree = "<group>";
		};
		BCC456BF2190AD4400C3250B /* Main */ = {
			isa = PBXGroup;
			children = (
				BC6F28FC218410EC00B64524 /* LectureModel.swift */,
			);
			path = Main;
			sourceTree = "<group>";
		};
		BCC456C221918B6E00C3250B /* Detail */ = {
			isa = PBXGroup;
			children = (
				BCC456C321918B9600C3250B /* LectureDetailData.swift */,
				BCC456C521918BD400C3250B /* LectureDetailDataVO.swift */,
				BCC456C721919A7400C3250B /* LectureReviewDataVO.swift */,
			);
			path = Detail;
			sourceTree = "<group>";
		};
		BCC456D0219429CB00C3250B /* MyLecture */ = {
			isa = PBXGroup;
			children = (
				BCC456D1219429E500C3250B /* MyLectureModel.swift */,
			);
			path = MyLecture;
			sourceTree = "<group>";
		};
		BCCF8E44219AF92500B59A90 /* Extensions */ = {
			isa = PBXGroup;
			children = (
				BCB9D837217F310900D86908 /* UIKitExtension.swift */,
				BC13316F218ECBF700D346B4 /* UIViewExtension.swift */,
				BCCF8E45219AF96500B59A90 /* UIViewControllerExtension.swift */,
				BC4D4D7221996A3900573450 /* KlaytnExtention.swift */,
			);
			path = Extensions;
			sourceTree = "<group>";
		};
		BCCF8E47219C7FA800B59A90 /* Singleton */ = {
			isa = PBXGroup;
			children = (
				BCC456BD218F141300C3250B /* CaverSingleton.swift */,
			);
			path = Singleton;
			sourceTree = "<group>";
		};
		BCD7D7A62176481F003238BB /* Model */ = {
			isa = PBXGroup;
			children = (
				BC474D49218CAB4A00CE1043 /* Login */,
				BC474D4A218CAB5600CE1043 /* Main */,
				BCC456C221918B6E00C3250B /* Detail */,
				BC474D4B218CAB6E00CE1043 /* MyLecture */,
			);
			path = Model;
			sourceTree = "<group>";
		};
		BCD7D7A721764826003238BB /* View */ = {
			isa = PBXGroup;
			children = (
				BC87E00D21751C4900B7322E /* LaunchScreen.storyboard */,
				BCD7D7A921764878003238BB /* Login.storyboard */,
				BC87E00521751C4700B7322E /* Main.storyboard */,
				BCF1EA34219D89E500AE266F /* MyLecture.storyboard */,
				BCF1EA36219D89F100AE266F /* More.storyboard */,
				BC474D43218B727400CE1043 /* XIB */,
				BC474D44218B728600CE1043 /* CustomView */,
			);
			path = View;
			sourceTree = "<group>";
		};
		BCD7D7A82176482E003238BB /* Controller */ = {
			isa = PBXGroup;
			children = (
				BCCF8E47219C7FA800B59A90 /* Singleton */,
				BCD7D7AB21764A17003238BB /* Login */,
				BCD7D7AE21764A3A003238BB /* Main */,
				BCB9D841217F911700D86908 /* MyLecture */,
				BC6A219E2182C4B3007B751B /* More */,
			);
			path = Controller;
			sourceTree = "<group>";
		};
		BCD7D7AB21764A17003238BB /* Login */ = {
			isa = PBXGroup;
			children = (
				BCC456CE21935C0A00C3250B /* InitialNC.swift */,
				BCD7D7AC21764A2C003238BB /* LoginVC.swift */,
				BC6F28F42183845900B64524 /* SignInVC.swift */,
				BCD7D7AF21764DAA003238BB /* SignUpVC.swift */,
				BC6F28E421833A0200B64524 /* StudentVC.swift */,
			);
			path = Login;
			sourceTree = "<group>";
		};
		BCD7D7AE21764A3A003238BB /* Main */ = {
			isa = PBXGroup;
			children = (
				BC6A21A121830549007B751B /* TabBarVC.swift */,
				BC87E00321751C4700B7322E /* MainVC.swift */,
				BCB9D833217F05AD00D86908 /* PopularLectureTVCell.swift */,
				BCB9D835217F05CB00D86908 /* PopularLectureCVCell.swift */,
				BCB9D83B217F528500D86908 /* LectureListCell.swift */,
				BCB9D84A21815C2E00D86908 /* LectureListCVCell.swift */,
				BCB9D83F217F64A700D86908 /* TypeListVC.swift */,
				BCB9D84E2181B67B00D86908 /* Detail */,
			);
			path = Main;
			sourceTree = "<group>";
		};
/* End PBXGroup section */

/* Begin PBXNativeTarget section */
		BC87DFFD21751C4700B7322E /* ChungChul_iOS */ = {
			isa = PBXNativeTarget;
			buildConfigurationList = BC87E01E21751C4900B7322E /* Build configuration list for PBXNativeTarget "ChungChul_iOS" */;
			buildPhases = (
				7D18ADF4ADBF5DCE40216519 /* [CP] Check Pods Manifest.lock */,
				BC87DFFA21751C4700B7322E /* Sources */,
				BC87DFFB21751C4700B7322E /* Frameworks */,
				BC87DFFC21751C4700B7322E /* Resources */,
				EE9A180BF63778D073E32EBC /* [CP] Embed Pods Frameworks */,
			);
			buildRules = (
			);
			dependencies = (
			);
			name = ChungChul_iOS;
			productName = ChungChul_iOS;
			productReference = BC87DFFE21751C4700B7322E /* ChungChul_iOS.app */;
			productType = "com.apple.product-type.application";
		};
		BC87E01421751C4900B7322E /* ChungChul_iOSTests */ = {
			isa = PBXNativeTarget;
			buildConfigurationList = BC87E02121751C4900B7322E /* Build configuration list for PBXNativeTarget "ChungChul_iOSTests" */;
			buildPhases = (
				A0BC8D13FC481D96390F5183 /* [CP] Check Pods Manifest.lock */,
				BC87E01121751C4900B7322E /* Sources */,
				BC87E01221751C4900B7322E /* Frameworks */,
				BC87E01321751C4900B7322E /* Resources */,
			);
			buildRules = (
			);
			dependencies = (
				BC87E01721751C4900B7322E /* PBXTargetDependency */,
			);
			name = ChungChul_iOSTests;
			productName = ChungChul_iOSTests;
			productReference = BC87E01521751C4900B7322E /* ChungChul_iOSTests.xctest */;
			productType = "com.apple.product-type.bundle.unit-test";
		};
/* End PBXNativeTarget section */

/* Begin PBXProject section */
		BC87DFF621751C4600B7322E /* Project object */ = {
			isa = PBXProject;
			attributes = {
				LastSwiftUpdateCheck = 1000;
				LastUpgradeCheck = 1000;
				ORGANIZATIONNAME = "Park Sung Joon";
				TargetAttributes = {
					BC87DFFD21751C4700B7322E = {
						CreatedOnToolsVersion = 10.0;
					};
					BC87E01421751C4900B7322E = {
						CreatedOnToolsVersion = 10.0;
						TestTargetID = BC87DFFD21751C4700B7322E;
					};
				};
			};
			buildConfigurationList = BC87DFF921751C4700B7322E /* Build configuration list for PBXProject "ChungChul_iOS" */;
			compatibilityVersion = "Xcode 9.3";
			developmentRegion = en;
			hasScannedForEncodings = 0;
			knownRegions = (
				en,
				Base,
			);
			mainGroup = BC87DFF521751C4600B7322E;
			productRefGroup = BC87DFFF21751C4700B7322E /* Products */;
			projectDirPath = "";
			projectRoot = "";
			targets = (
				BC87DFFD21751C4700B7322E /* ChungChul_iOS */,
				BC87E01421751C4900B7322E /* ChungChul_iOSTests */,
			);
		};
/* End PBXProject section */

/* Begin PBXResourcesBuildPhase section */
		BC87DFFC21751C4700B7322E /* Resources */ = {
			isa = PBXResourcesBuildPhase;
			buildActionMask = 2147483647;
			files = (
				BCD7D7AA21764878003238BB /* Login.storyboard in Resources */,
				BCC456CA219334A700C3250B /* LoginAlertView.xib in Resources */,
				BCB9D847217F91FB00D86908 /* MyLectureTVCell.xib in Resources */,
				BCB9D830217E47D700D86908 /* NotoSansCJKkr-Bold.otf in Resources */,
				BCB9D84D21815C2E00D86908 /* LectureListCVCell.xib in Resources */,
				BCB9D831217E47D700D86908 /* NotoSansCJKkr-Black.otf in Resources */,
				BCB9D82C217E47D700D86908 /* NotoSansCJKkr-Medium.otf in Resources */,
				BCF1EA35219D89E500AE266F /* MyLecture.storyboard in Resources */,
				BCB9D8522181D81000D86908 /* HeaderView.xib in Resources */,
				BCB9D83E217F528500D86908 /* LectureListCell.xib in Resources */,
				BCB9D82B217E47D700D86908 /* NotoSansCJKkr-Regular.otf in Resources */,
				BCF1EA37219D89F100AE266F /* More.storyboard in Resources */,
				BC87E00F21751C4900B7322E /* LaunchScreen.storyboard in Resources */,
				BC4D4D762199F6DB00573450 /* success.json in Resources */,
				BC87E00C21751C4900B7322E /* Assets.xcassets in Resources */,
				BCCF8E43219AF32B00B59A90 /* infinite_rainbow.json in Resources */,
				BC4D4D772199F6DB00573450 /* indicator.json in Resources */,
				BC64BADF219AA1E3009E73EB /* loading.json in Resources */,
				BCB9D82F217E47D700D86908 /* NotoSansCJKkr-Light.otf in Resources */,
				BCB9D82E217E47D700D86908 /* NotoSansCJKkr-DemiLight.otf in Resources */,
				BC87E00721751C4700B7322E /* Main.storyboard in Resources */,
				BCB9D82D217E47D700D86908 /* NotoSansCJKkr-Thin.otf in Resources */,
				BC474D39218AF70400CE1043 /* RatingXIB.xib in Resources */,
			);
			runOnlyForDeploymentPostprocessing = 0;
		};
		BC87E01321751C4900B7322E /* Resources */ = {
			isa = PBXResourcesBuildPhase;
			buildActionMask = 2147483647;
			files = (
			);
			runOnlyForDeploymentPostprocessing = 0;
		};
/* End PBXResourcesBuildPhase section */

/* Begin PBXShellScriptBuildPhase section */
		7D18ADF4ADBF5DCE40216519 /* [CP] Check Pods Manifest.lock */ = {
			isa = PBXShellScriptBuildPhase;
			buildActionMask = 2147483647;
			files = (
			);
			inputFileListPaths = (
			);
			inputPaths = (
				"${PODS_PODFILE_DIR_PATH}/Podfile.lock",
				"${PODS_ROOT}/Manifest.lock",
			);
			name = "[CP] Check Pods Manifest.lock";
			outputFileListPaths = (
			);
			outputPaths = (
				"$(DERIVED_FILE_DIR)/Pods-ChungChul_iOS-checkManifestLockResult.txt",
			);
			runOnlyForDeploymentPostprocessing = 0;
			shellPath = /bin/sh;
			shellScript = "diff \"${PODS_PODFILE_DIR_PATH}/Podfile.lock\" \"${PODS_ROOT}/Manifest.lock\" > /dev/null\nif [ $? != 0 ] ; then\n    # print error to STDERR\n    echo \"error: The sandbox is not in sync with the Podfile.lock. Run 'pod install' or update your CocoaPods installation.\" >&2\n    exit 1\nfi\n# This output is used by Xcode 'outputs' to avoid re-running this script phase.\necho \"SUCCESS\" > \"${SCRIPT_OUTPUT_FILE_0}\"\n";
			showEnvVarsInLog = 0;
		};
		A0BC8D13FC481D96390F5183 /* [CP] Check Pods Manifest.lock */ = {
			isa = PBXShellScriptBuildPhase;
			buildActionMask = 2147483647;
			files = (
			);
			inputFileListPaths = (
			);
			inputPaths = (
				"${PODS_PODFILE_DIR_PATH}/Podfile.lock",
				"${PODS_ROOT}/Manifest.lock",
			);
			name = "[CP] Check Pods Manifest.lock";
			outputFileListPaths = (
			);
			outputPaths = (
				"$(DERIVED_FILE_DIR)/Pods-ChungChul_iOSTests-checkManifestLockResult.txt",
			);
			runOnlyForDeploymentPostprocessing = 0;
			shellPath = /bin/sh;
			shellScript = "diff \"${PODS_PODFILE_DIR_PATH}/Podfile.lock\" \"${PODS_ROOT}/Manifest.lock\" > /dev/null\nif [ $? != 0 ] ; then\n    # print error to STDERR\n    echo \"error: The sandbox is not in sync with the Podfile.lock. Run 'pod install' or update your CocoaPods installation.\" >&2\n    exit 1\nfi\n# This output is used by Xcode 'outputs' to avoid re-running this script phase.\necho \"SUCCESS\" > \"${SCRIPT_OUTPUT_FILE_0}\"\n";
			showEnvVarsInLog = 0;
		};
		EE9A180BF63778D073E32EBC /* [CP] Embed Pods Frameworks */ = {
			isa = PBXShellScriptBuildPhase;
			buildActionMask = 2147483647;
			files = (
			);
			inputFileListPaths = (
			);
			inputPaths = (
				"${SRCROOT}/Pods/Target Support Files/Pods-ChungChul_iOS/Pods-ChungChul_iOS-frameworks.sh",
				"${BUILT_PRODUCTS_DIR}/Alamofire/Alamofire.framework",
				"${BUILT_PRODUCTS_DIR}/AlamofireObjectMapper/AlamofireObjectMapper.framework",
				"${BUILT_PRODUCTS_DIR}/BigInt/BigInt.framework",
				"${BUILT_PRODUCTS_DIR}/CryptoSwift/CryptoSwift.framework",
				"${BUILT_PRODUCTS_DIR}/IQKeyboardManagerSwift/IQKeyboardManagerSwift.framework",
				"${BUILT_PRODUCTS_DIR}/ObjectMapper/ObjectMapper.framework",
				"${BUILT_PRODUCTS_DIR}/PromiseKit/PromiseKit.framework",
				"${BUILT_PRODUCTS_DIR}/SDWebImage/SDWebImage.framework",
				"${BUILT_PRODUCTS_DIR}/SipHash/SipHash.framework",
				"${BUILT_PRODUCTS_DIR}/SwiftyJSON/SwiftyJSON.framework",
				"${BUILT_PRODUCTS_DIR}/lottie-ios/Lottie.framework",
				"${BUILT_PRODUCTS_DIR}/secp256k1.swift/secp256k1.framework",
				"${BUILT_PRODUCTS_DIR}/web3swift/web3swift.framework",
			);
			name = "[CP] Embed Pods Frameworks";
			outputFileListPaths = (
			);
			outputPaths = (
				"${TARGET_BUILD_DIR}/${FRAMEWORKS_FOLDER_PATH}/Alamofire.framework",
				"${TARGET_BUILD_DIR}/${FRAMEWORKS_FOLDER_PATH}/AlamofireObjectMapper.framework",
				"${TARGET_BUILD_DIR}/${FRAMEWORKS_FOLDER_PATH}/BigInt.framework",
				"${TARGET_BUILD_DIR}/${FRAMEWORKS_FOLDER_PATH}/CryptoSwift.framework",
				"${TARGET_BUILD_DIR}/${FRAMEWORKS_FOLDER_PATH}/IQKeyboardManagerSwift.framework",
				"${TARGET_BUILD_DIR}/${FRAMEWORKS_FOLDER_PATH}/ObjectMapper.framework",
				"${TARGET_BUILD_DIR}/${FRAMEWORKS_FOLDER_PATH}/PromiseKit.framework",
				"${TARGET_BUILD_DIR}/${FRAMEWORKS_FOLDER_PATH}/SDWebImage.framework",
				"${TARGET_BUILD_DIR}/${FRAMEWORKS_FOLDER_PATH}/SipHash.framework",
				"${TARGET_BUILD_DIR}/${FRAMEWORKS_FOLDER_PATH}/SwiftyJSON.framework",
				"${TARGET_BUILD_DIR}/${FRAMEWORKS_FOLDER_PATH}/Lottie.framework",
				"${TARGET_BUILD_DIR}/${FRAMEWORKS_FOLDER_PATH}/secp256k1.framework",
				"${TARGET_BUILD_DIR}/${FRAMEWORKS_FOLDER_PATH}/web3swift.framework",
			);
			runOnlyForDeploymentPostprocessing = 0;
			shellPath = /bin/sh;
			shellScript = "\"${SRCROOT}/Pods/Target Support Files/Pods-ChungChul_iOS/Pods-ChungChul_iOS-frameworks.sh\"\n";
			showEnvVarsInLog = 0;
		};
/* End PBXShellScriptBuildPhase section */

/* Begin PBXSourcesBuildPhase section */
		BC87DFFA21751C4700B7322E /* Sources */ = {
			isa = PBXSourcesBuildPhase;
			buildActionMask = 2147483647;
			files = (
				BC6A219B2182084A007B751B /* TeacherTVCell.swift in Sources */,
				BCB9D846217F91FB00D86908 /* MyLectureTVCell.swift in Sources */,
				BCC456C821919A7400C3250B /* LectureReviewDataVO.swift in Sources */,
				BC6F28E521833A0200B64524 /* StudentVC.swift in Sources */,
				BC6A219D21820856007B751B /* CommentTVCell.swift in Sources */,
				BC6A21A02182C4DB007B751B /* MoreVC.swift in Sources */,
				BC474D42218B725500CE1043 /* DescriptionTVCell.swift in Sources */,
				BC133170218ECBF700D346B4 /* UIViewExtension.swift in Sources */,
				BC6F28EC218341BB00B64524 /* NetworkCallback.swift in Sources */,
				BC4D4D7321996A3900573450 /* KlaytnExtention.swift in Sources */,
				BCB9D834217F05AD00D86908 /* PopularLectureTVCell.swift in Sources */,
				BCB9D843217F913300D86908 /* MyLectureVC.swift in Sources */,
				BC87E00421751C4700B7322E /* MainVC.swift in Sources */,
				BCB9D840217F64A700D86908 /* TypeListVC.swift in Sources */,
				BC6B4F982195B082007D9D74 /* EvaluateData.swift in Sources */,
				BCB9D8502181B69800D86908 /* DetailVC.swift in Sources */,
				BCF1EA39219D8A7700AE266F /* MyLectureInitialNC.swift in Sources */,
				BC6F28EE21834AE500B64524 /* SignUpStudentData.swift in Sources */,
				BC6F28FB2183F8D900B64524 /* LoginDataVO.swift in Sources */,
				BCB9D83D217F528500D86908 /* LectureListCell.swift in Sources */,
				BCB9D849217FA14400D86908 /* OnOffLineTVCell.swift in Sources */,
				BCB9D84C21815C2E00D86908 /* LectureListCVCell.swift in Sources */,
				BC6A21972182082C007B751B /* IntroduceTVCell.swift in Sources */,
				BC474D37218AD21600CE1043 /* EvaluationVC.swift in Sources */,
				BC6F28FD218410EC00B64524 /* LectureModel.swift in Sources */,
				BCF1EA3B219D8ACD00AE266F /* MoreInitialNC.swift in Sources */,
				BC87E00221751C4700B7322E /* AppDelegate.swift in Sources */,
				BCB9D836217F05CB00D86908 /* PopularLectureCVCell.swift in Sources */,
				BCC456D2219429E500C3250B /* MyLectureModel.swift in Sources */,
				BC474D46218CAB0F00CE1043 /* MyLectureData.swift in Sources */,
				BC6F28F321835AA500B64524 /* DuplicateEmailData.swift in Sources */,
				BCC456C421918B9600C3250B /* LectureDetailData.swift in Sources */,
				BCC456CD219336FA00C3250B /* LoginAlertView.swift in Sources */,
				BCCF8E4A219D743800B59A90 /* PaymentDetailTVCell.swift in Sources */,
				BC6F28F92183F88800B64524 /* LoginDataModel.swift in Sources */,
				BC6F290321844CA000B64524 /* PopularDataVO.swift in Sources */,
				BCC456BE218F141300C3250B /* CaverSingleton.swift in Sources */,
				BC6F28EA218341A500B64524 /* NetworkModel.swift in Sources */,
				BCCF8E46219AF96500B59A90 /* UIViewControllerExtension.swift in Sources */,
				BC6F290721844CC900B64524 /* OnlineDataVO.swift in Sources */,
				BC474D3B218AF85300CE1043 /* RatingView.swift in Sources */,
				BCD7D7AD21764A2C003238BB /* LoginVC.swift in Sources */,
				BC6F290121844C7200B64524 /* HomeDataModel.swift in Sources */,
				BCC456CF21935C0A00C3250B /* InitialNC.swift in Sources */,
				BC6F28F72183F7C100B64524 /* LoginModel.swift in Sources */,
				BC6F28F52183845900B64524 /* SignInVC.swift in Sources */,
				BC474D48218CAB2C00CE1043 /* MyLectureVO.swift in Sources */,
				BC6F290521844CB900B64524 /* OfflineDataVO.swift in Sources */,
				BCD7D7B021764DAA003238BB /* SignUpVC.swift in Sources */,
				BC474D3E218AFA6200CE1043 /* TotalEvaluationTVCell.swift in Sources */,
				BC87E00A21751C4700B7322E /* ChungChul_iOS.xcdatamodeld in Sources */,
				BCB9D838217F310900D86908 /* UIKitExtension.swift in Sources */,
				BCC456C621918BD400C3250B /* LectureDetailDataVO.swift in Sources */,
				BC6A219921820838007B751B /* PlanTVCell.swift in Sources */,
				BC6F28F1218353EE00B64524 /* JoinModel.swift in Sources */,
				BC6A21A221830549007B751B /* TabBarVC.swift in Sources */,
				BC6A21952182081D007B751B /* InformationTVCell.swift in Sources */,
				BCB9D8542181D9DA00D86908 /* HeaderView.swift in Sources */,
				BC474D40218B722D00CE1043 /* EvaluationListTVCell.swift in Sources */,
			);
			runOnlyForDeploymentPostprocessing = 0;
		};
		BC87E01121751C4900B7322E /* Sources */ = {
			isa = PBXSourcesBuildPhase;
			buildActionMask = 2147483647;
			files = (
				BC87E01A21751C4900B7322E /* ChungChul_iOSTests.swift in Sources */,
			);
			runOnlyForDeploymentPostprocessing = 0;
		};
/* End PBXSourcesBuildPhase section */

/* Begin PBXTargetDependency section */
		BC87E01721751C4900B7322E /* PBXTargetDependency */ = {
			isa = PBXTargetDependency;
			target = BC87DFFD21751C4700B7322E /* ChungChul_iOS */;
			targetProxy = BC87E01621751C4900B7322E /* PBXContainerItemProxy */;
		};
/* End PBXTargetDependency section */

/* Begin PBXVariantGroup section */
		BC87E00521751C4700B7322E /* Main.storyboard */ = {
			isa = PBXVariantGroup;
			children = (
				BC87E00621751C4700B7322E /* Base */,
			);
			name = Main.storyboard;
			sourceTree = "<group>";
		};
		BC87E00D21751C4900B7322E /* LaunchScreen.storyboard */ = {
			isa = PBXVariantGroup;
			children = (
				BC87E00E21751C4900B7322E /* Base */,
			);
			name = LaunchScreen.storyboard;
			sourceTree = "<group>";
		};
/* End PBXVariantGroup section */

/* Begin XCBuildConfiguration section */
		BC87E01C21751C4900B7322E /* Debug */ = {
			isa = XCBuildConfiguration;
			buildSettings = {
				ALWAYS_SEARCH_USER_PATHS = NO;
				CLANG_ANALYZER_NONNULL = YES;
				CLANG_ANALYZER_NUMBER_OBJECT_CONVERSION = YES_AGGRESSIVE;
				CLANG_CXX_LANGUAGE_STANDARD = "gnu++14";
				CLANG_CXX_LIBRARY = "libc++";
				CLANG_ENABLE_MODULES = YES;
				CLANG_ENABLE_OBJC_ARC = YES;
				CLANG_ENABLE_OBJC_WEAK = YES;
				CLANG_WARN_BLOCK_CAPTURE_AUTORELEASING = YES;
				CLANG_WARN_BOOL_CONVERSION = YES;
				CLANG_WARN_COMMA = YES;
				CLANG_WARN_CONSTANT_CONVERSION = YES;
				CLANG_WARN_DEPRECATED_OBJC_IMPLEMENTATIONS = YES;
				CLANG_WARN_DIRECT_OBJC_ISA_USAGE = YES_ERROR;
				CLANG_WARN_DOCUMENTATION_COMMENTS = YES;
				CLANG_WARN_EMPTY_BODY = YES;
				CLANG_WARN_ENUM_CONVERSION = YES;
				CLANG_WARN_INFINITE_RECURSION = YES;
				CLANG_WARN_INT_CONVERSION = YES;
				CLANG_WARN_NON_LITERAL_NULL_CONVERSION = YES;
				CLANG_WARN_OBJC_IMPLICIT_RETAIN_SELF = YES;
				CLANG_WARN_OBJC_LITERAL_CONVERSION = YES;
				CLANG_WARN_OBJC_ROOT_CLASS = YES_ERROR;
				CLANG_WARN_RANGE_LOOP_ANALYSIS = YES;
				CLANG_WARN_STRICT_PROTOTYPES = YES;
				CLANG_WARN_SUSPICIOUS_MOVE = YES;
				CLANG_WARN_UNGUARDED_AVAILABILITY = YES_AGGRESSIVE;
				CLANG_WARN_UNREACHABLE_CODE = YES;
				CLANG_WARN__DUPLICATE_METHOD_MATCH = YES;
				CODE_SIGN_IDENTITY = "iPhone Developer";
				COPY_PHASE_STRIP = NO;
				DEBUG_INFORMATION_FORMAT = dwarf;
				ENABLE_STRICT_OBJC_MSGSEND = YES;
				ENABLE_TESTABILITY = YES;
				GCC_C_LANGUAGE_STANDARD = gnu11;
				GCC_DYNAMIC_NO_PIC = NO;
				GCC_NO_COMMON_BLOCKS = YES;
				GCC_OPTIMIZATION_LEVEL = 0;
				GCC_PREPROCESSOR_DEFINITIONS = (
					"DEBUG=1",
					"$(inherited)",
				);
				GCC_WARN_64_TO_32_BIT_CONVERSION = YES;
				GCC_WARN_ABOUT_RETURN_TYPE = YES_ERROR;
				GCC_WARN_UNDECLARED_SELECTOR = YES;
				GCC_WARN_UNINITIALIZED_AUTOS = YES_AGGRESSIVE;
				GCC_WARN_UNUSED_FUNCTION = YES;
				GCC_WARN_UNUSED_VARIABLE = YES;
				IPHONEOS_DEPLOYMENT_TARGET = 12.0;
				MTL_ENABLE_DEBUG_INFO = INCLUDE_SOURCE;
				MTL_FAST_MATH = YES;
				ONLY_ACTIVE_ARCH = YES;
				SDKROOT = iphoneos;
				SWIFT_ACTIVE_COMPILATION_CONDITIONS = DEBUG;
				SWIFT_OPTIMIZATION_LEVEL = "-Onone";
			};
			name = Debug;
		};
		BC87E01D21751C4900B7322E /* Release */ = {
			isa = XCBuildConfiguration;
			buildSettings = {
				ALWAYS_SEARCH_USER_PATHS = NO;
				CLANG_ANALYZER_NONNULL = YES;
				CLANG_ANALYZER_NUMBER_OBJECT_CONVERSION = YES_AGGRESSIVE;
				CLANG_CXX_LANGUAGE_STANDARD = "gnu++14";
				CLANG_CXX_LIBRARY = "libc++";
				CLANG_ENABLE_MODULES = YES;
				CLANG_ENABLE_OBJC_ARC = YES;
				CLANG_ENABLE_OBJC_WEAK = YES;
				CLANG_WARN_BLOCK_CAPTURE_AUTORELEASING = YES;
				CLANG_WARN_BOOL_CONVERSION = YES;
				CLANG_WARN_COMMA = YES;
				CLANG_WARN_CONSTANT_CONVERSION = YES;
				CLANG_WARN_DEPRECATED_OBJC_IMPLEMENTATIONS = YES;
				CLANG_WARN_DIRECT_OBJC_ISA_USAGE = YES_ERROR;
				CLANG_WARN_DOCUMENTATION_COMMENTS = YES;
				CLANG_WARN_EMPTY_BODY = YES;
				CLANG_WARN_ENUM_CONVERSION = YES;
				CLANG_WARN_INFINITE_RECURSION = YES;
				CLANG_WARN_INT_CONVERSION = YES;
				CLANG_WARN_NON_LITERAL_NULL_CONVERSION = YES;
				CLANG_WARN_OBJC_IMPLICIT_RETAIN_SELF = YES;
				CLANG_WARN_OBJC_LITERAL_CONVERSION = YES;
				CLANG_WARN_OBJC_ROOT_CLASS = YES_ERROR;
				CLANG_WARN_RANGE_LOOP_ANALYSIS = YES;
				CLANG_WARN_STRICT_PROTOTYPES = YES;
				CLANG_WARN_SUSPICIOUS_MOVE = YES;
				CLANG_WARN_UNGUARDED_AVAILABILITY = YES_AGGRESSIVE;
				CLANG_WARN_UNREACHABLE_CODE = YES;
				CLANG_WARN__DUPLICATE_METHOD_MATCH = YES;
				CODE_SIGN_IDENTITY = "iPhone Developer";
				COPY_PHASE_STRIP = NO;
				DEBUG_INFORMATION_FORMAT = "dwarf-with-dsym";
				ENABLE_NS_ASSERTIONS = NO;
				ENABLE_STRICT_OBJC_MSGSEND = YES;
				GCC_C_LANGUAGE_STANDARD = gnu11;
				GCC_NO_COMMON_BLOCKS = YES;
				GCC_WARN_64_TO_32_BIT_CONVERSION = YES;
				GCC_WARN_ABOUT_RETURN_TYPE = YES_ERROR;
				GCC_WARN_UNDECLARED_SELECTOR = YES;
				GCC_WARN_UNINITIALIZED_AUTOS = YES_AGGRESSIVE;
				GCC_WARN_UNUSED_FUNCTION = YES;
				GCC_WARN_UNUSED_VARIABLE = YES;
				IPHONEOS_DEPLOYMENT_TARGET = 12.0;
				MTL_ENABLE_DEBUG_INFO = NO;
				MTL_FAST_MATH = YES;
				SDKROOT = iphoneos;
				SWIFT_COMPILATION_MODE = wholemodule;
				SWIFT_OPTIMIZATION_LEVEL = "-O";
				VALIDATE_PRODUCT = YES;
			};
			name = Release;
		};
		BC87E01F21751C4900B7322E /* Debug */ = {
			isa = XCBuildConfiguration;
			baseConfigurationReference = 24BB8CE8160F7AC5824DD252 /* Pods-ChungChul_iOS.debug.xcconfig */;
			buildSettings = {
				ASSETCATALOG_COMPILER_APPICON_NAME = AppIcon;
				CODE_SIGN_STYLE = Automatic;
				DEVELOPMENT_TEAM = 86PPC52X64;
				INFOPLIST_FILE = ChungChul_iOS/Info.plist;
				LD_RUNPATH_SEARCH_PATHS = (
					"$(inherited)",
					"@executable_path/Frameworks",
				);
				PRODUCT_BUNDLE_IDENTIFIER = "com.godpp.ChungChul-iOS";
				PRODUCT_NAME = "$(TARGET_NAME)";
				SWIFT_VERSION = 4.2;
				TARGETED_DEVICE_FAMILY = 1;
			};
			name = Debug;
		};
		BC87E02021751C4900B7322E /* Release */ = {
			isa = XCBuildConfiguration;
			baseConfigurationReference = 583F9579DFABFDEBCF01B3E5 /* Pods-ChungChul_iOS.release.xcconfig */;
			buildSettings = {
				ASSETCATALOG_COMPILER_APPICON_NAME = AppIcon;
				CODE_SIGN_STYLE = Automatic;
				DEVELOPMENT_TEAM = 86PPC52X64;
				INFOPLIST_FILE = ChungChul_iOS/Info.plist;
				LD_RUNPATH_SEARCH_PATHS = (
					"$(inherited)",
					"@executable_path/Frameworks",
				);
				PRODUCT_BUNDLE_IDENTIFIER = "com.godpp.ChungChul-iOS";
				PRODUCT_NAME = "$(TARGET_NAME)";
				SWIFT_VERSION = 4.2;
				TARGETED_DEVICE_FAMILY = 1;
			};
			name = Release;
		};
		BC87E02221751C4900B7322E /* Debug */ = {
			isa = XCBuildConfiguration;
			baseConfigurationReference = 0C56B532A5B458EDC5DE785D /* Pods-ChungChul_iOSTests.debug.xcconfig */;
			buildSettings = {
				ALWAYS_EMBED_SWIFT_STANDARD_LIBRARIES = YES;
				BUNDLE_LOADER = "$(TEST_HOST)";
				CODE_SIGN_STYLE = Automatic;
				DEVELOPMENT_TEAM = 86PPC52X64;
				INFOPLIST_FILE = ChungChul_iOSTests/Info.plist;
				LD_RUNPATH_SEARCH_PATHS = (
					"$(inherited)",
					"@executable_path/Frameworks",
					"@loader_path/Frameworks",
				);
				PRODUCT_BUNDLE_IDENTIFIER = "com.godpp.ChungChul-iOSTests";
				PRODUCT_NAME = "$(TARGET_NAME)";
				SWIFT_VERSION = 4.2;
				TARGETED_DEVICE_FAMILY = "1,2";
				TEST_HOST = "$(BUILT_PRODUCTS_DIR)/ChungChul_iOS.app/ChungChul_iOS";
			};
			name = Debug;
		};
		BC87E02321751C4900B7322E /* Release */ = {
			isa = XCBuildConfiguration;
			baseConfigurationReference = AEFA295204D5F357C42AEEB1 /* Pods-ChungChul_iOSTests.release.xcconfig */;
			buildSettings = {
				ALWAYS_EMBED_SWIFT_STANDARD_LIBRARIES = YES;
				BUNDLE_LOADER = "$(TEST_HOST)";
				CODE_SIGN_STYLE = Automatic;
				DEVELOPMENT_TEAM = 86PPC52X64;
				INFOPLIST_FILE = ChungChul_iOSTests/Info.plist;
				LD_RUNPATH_SEARCH_PATHS = (
					"$(inherited)",
					"@executable_path/Frameworks",
					"@loader_path/Frameworks",
				);
				PRODUCT_BUNDLE_IDENTIFIER = "com.godpp.ChungChul-iOSTests";
				PRODUCT_NAME = "$(TARGET_NAME)";
				SWIFT_VERSION = 4.2;
				TARGETED_DEVICE_FAMILY = "1,2";
				TEST_HOST = "$(BUILT_PRODUCTS_DIR)/ChungChul_iOS.app/ChungChul_iOS";
			};
			name = Release;
		};
/* End XCBuildConfiguration section */

/* Begin XCConfigurationList section */
		BC87DFF921751C4700B7322E /* Build configuration list for PBXProject "ChungChul_iOS" */ = {
			isa = XCConfigurationList;
			buildConfigurations = (
				BC87E01C21751C4900B7322E /* Debug */,
				BC87E01D21751C4900B7322E /* Release */,
			);
			defaultConfigurationIsVisible = 0;
			defaultConfigurationName = Release;
		};
		BC87E01E21751C4900B7322E /* Build configuration list for PBXNativeTarget "ChungChul_iOS" */ = {
			isa = XCConfigurationList;
			buildConfigurations = (
				BC87E01F21751C4900B7322E /* Debug */,
				BC87E02021751C4900B7322E /* Release */,
			);
			defaultConfigurationIsVisible = 0;
			defaultConfigurationName = Release;
		};
		BC87E02121751C4900B7322E /* Build configuration list for PBXNativeTarget "ChungChul_iOSTests" */ = {
			isa = XCConfigurationList;
			buildConfigurations = (
				BC87E02221751C4900B7322E /* Debug */,
				BC87E02321751C4900B7322E /* Release */,
			);
			defaultConfigurationIsVisible = 0;
			defaultConfigurationName = Release;
		};
/* End XCConfigurationList section */

/* Begin XCVersionGroup section */
		BC87E00821751C4700B7322E /* ChungChul_iOS.xcdatamodeld */ = {
			isa = XCVersionGroup;
			children = (
				BC87E00921751C4700B7322E /* ChungChul_iOS.xcdatamodel */,
			);
			currentVersion = BC87E00921751C4700B7322E /* ChungChul_iOS.xcdatamodel */;
			path = ChungChul_iOS.xcdatamodeld;
			sourceTree = "<group>";
			versionGroupType = wrapper.xcdatamodel;
		};
/* End XCVersionGroup section */
	};
	rootObject = BC87DFF621751C4600B7322E /* Project object */;
}
